// !$*UTF8*$!
{
	archiveVersion = 1;
	classes = {
	};
	objectVersion = 46;
	objects = {

/* Begin PBXBuildFile section */
		81C0A0BC1D7584C50046B252 /* main.m in Sources */ = {isa = PBXBuildFile; fileRef = 81C0A0BB1D7584C50046B252 /* main.m */; };
		81C0A0BF1D7584C50046B252 /* AppDelegate.m in Sources */ = {isa = PBXBuildFile; fileRef = 81C0A0BE1D7584C50046B252 /* AppDelegate.m */; };
		81C0A0C51D7584C50046B252 /* Main.storyboard in Resources */ = {isa = PBXBuildFile; fileRef = 81C0A0C31D7584C50046B252 /* Main.storyboard */; };
		81C0A0C71D7584C50046B252 /* Assets.xcassets in Resources */ = {isa = PBXBuildFile; fileRef = 81C0A0C61D7584C50046B252 /* Assets.xcassets */; };
		81C0A0CA1D7584C50046B252 /* LaunchScreen.storyboard in Resources */ = {isa = PBXBuildFile; fileRef = 81C0A0C81D7584C50046B252 /* LaunchScreen.storyboard */; };
		81C0A0E01D7587200046B252 /* ViewController.m in Sources */ = {isa = PBXBuildFile; fileRef = 81C0A0DB1D7587200046B252 /* ViewController.m */; };
		81C0A0D71D7586070046B252 /* Person.m in Sources */ = {isa = PBXBuildFile; fileRef = 81C0A0D61D7586070046B252 /* Person.m */; };
/* End PBXBuildFile section */

/* Begin PBXFileReference section */
		81C0A0B71D7584C50046B252 /* WeChat.app */ = {isa = PBXFileReference; explicitFileType = wrapper.application; includeInIndex = 0; path = WeChat.app; sourceTree = BUILT_PRODUCTS_DIR; };
		81C0A0BB1D7584C50046B252 /* main.m */ = {isa = PBXFileReference; lastKnownFileType = sourcecode.c.objc; path = main.m; sourceTree = "<group>"; };
		81C0A0BD1D7584C50046B252 /* AppDelegate.h */ = {isa = PBXFileReference; lastKnownFileType = sourcecode.c.h; path = AppDelegate.h; sourceTree = "<group>"; };
		81C0A0BE1D7584C50046B252 /* AppDelegate.m */ = {isa = PBXFileReference; lastKnownFileType = sourcecode.c.objc; path = AppDelegate.m; sourceTree = "<group>"; };
		81C0A0C41D7584C50046B252 /* Base */ = {isa = PBXFileReference; lastKnownFileType = file.storyboard; name = Base; path = Base.lproj/Main.storyboard; sourceTree = "<group>"; };
		81C0A0C61D7584C50046B252 /* Assets.xcassets */ = {isa = PBXFileReference; lastKnownFileType = folder.assetcatalog; path = Assets.xcassets; sourceTree = "<group>"; };
		81C0A0C91D7584C50046B252 /* Base */ = {isa = PBXFileReference; lastKnownFileType = file.storyboard; name = Base; path = Base.lproj/LaunchScreen.storyboard; sourceTree = "<group>"; };
		81C0A0CB1D7584C50046B252 /* Info.plist */ = {isa = PBXFileReference; lastKnownFileType = text.plist.xml; path = Info.plist; sourceTree = "<group>"; };
		81C0A0DA1D7587200046B252 /* ViewController.h */ = {isa = PBXFileReference; fileEncoding = 4; lastKnownFileType = sourcecode.c.h; path = ViewController.h; sourceTree = "<group>"; };
		81C0A0DB1D7587200046B252 /* ViewController.m */ = {isa = PBXFileReference; fileEncoding = 4; lastKnownFileType = sourcecode.c.objc; path = ViewController.m; sourceTree = "<group>"; };
		81C0A0DD1D7587200046B252 /* readme.h */ = {isa = PBXFileReference; fileEncoding = 4; lastKnownFileType = sourcecode.c.h; path = readme.h; sourceTree = "<group>"; };
		81C0A0DF1D7587200046B252 /* readme.h */ = {isa = PBXFileReference; fileEncoding = 4; lastKnownFileType = sourcecode.c.h; path = readme.h; sourceTree = "<group>"; };
		81C0A0D51D7586070046B252 /* Person.h */ = {isa = PBXFileReference; fileEncoding = 4; lastKnownFileType = sourcecode.c.h; path = Person.h; sourceTree = "<group>"; };
		81C0A0D61D7586070046B252 /* Person.m */ = {isa = PBXFileReference; fileEncoding = 4; lastKnownFileType = sourcecode.c.objc; path = Person.m; sourceTree = "<group>"; };
/* End PBXFileReference section */

/* Begin PBXFrameworksBuildPhase section */
		81C0A0B41D7584C50046B252 /* Frameworks */ = {
			isa = PBXFrameworksBuildPhase;
			buildActionMask = 2147483647;
			files = (
			);
			runOnlyForDeploymentPostprocessing = 0;
		};
/* End PBXFrameworksBuildPhase section */

/* Begin PBXGroup section */
		81C0A0AE1D7584C50046B252 = {
			isa = PBXGroup;
			children = (
				81C0A0B91D7584C50046B252 /* WeChat */,
				81C0A0B81D7584C50046B252 /* Products */,
			);
			sourceTree = "<group>";
		};
		81C0A0B81D7584C50046B252 /* Products */ = {
			isa = PBXGroup;
			children = (
				81C0A0B71D7584C50046B252 /* WeChat.app */,
			);
			name = Products;
			sourceTree = "<group>";
		};
		81C0A0B91D7584C50046B252 /* WeChat */ = {
			isa = PBXGroup;
			children = (
				81C0A0D81D7587200046B252 /* Classes */,
				81C0A0BD1D7584C50046B252 /* AppDelegate.h */,
				81C0A0BE1D7584C50046B252 /* AppDelegate.m */,
				81C0A0C31D7584C50046B252 /* Main.storyboard */,
				81C0A0C61D7584C50046B252 /* Assets.xcassets */,
				81C0A0C81D7584C50046B252 /* LaunchScreen.storyboard */,
				81C0A0CB1D7584C50046B252 /* Info.plist */,
				81C0A0BA1D7584C50046B252 /* Supporting Files */,
				81C0A0D51D7586070046B252 /* Person.h */,
				81C0A0D61D7586070046B252 /* Person.m */,
			);
			path = WeChat;
			sourceTree = "<group>";
		};
		81C0A0BA1D7584C50046B252 /* Supporting Files */ = {
			isa = PBXGroup;
			children = (
				81C0A0BB1D7584C50046B252 /* main.m */,
			);
			name = "Supporting Files";
			sourceTree = "<group>";
		};
		81C0A0D81D7587200046B252 /* Classes */ = {
			isa = PBXGroup;
			children = (
				81C0A0D91D7587200046B252 /* Controller */,
				81C0A0DC1D7587200046B252 /* Model */,
				81C0A0DE1D7587200046B252 /* View */,
			);
			path = Classes;
			sourceTree = "<group>";
		};
		81C0A0D91D7587200046B252 /* Controller */ = {
			isa = PBXGroup;
			children = (
				81C0A0DA1D7587200046B252 /* ViewController.h */,
				81C0A0DB1D7587200046B252 /* ViewController.m */,
			);
			path = Controller;
			sourceTree = "<group>";
		};
		81C0A0DC1D7587200046B252 /* Model */ = {
			isa = PBXGroup;
			children = (
				81C0A0DD1D7587200046B252 /* readme.h */,
			);
			path = Model;
			sourceTree = "<group>";
		};
		81C0A0DE1D7587200046B252 /* View */ = {
			isa = PBXGroup;
			children = (
				81C0A0DF1D7587200046B252 /* readme.h */,
			);
			path = View;
			sourceTree = "<group>";
		};
/* End PBXGroup section */

/* Begin PBXNativeTarget section */
		81C0A0B61D7584C50046B252 /* WeChat */ = {
			isa = PBXNativeTarget;
			buildConfigurationList = 81C0A0CE1D7584C50046B252 /* Build configuration list for PBXNativeTarget "WeChat" */;
			buildPhases = (
				81C0A0B31D7584C50046B252 /* Sources */,
				81C0A0B41D7584C50046B252 /* Frameworks */,
				81C0A0B51D7584C50046B252 /* Resources */,
			);
			buildRules = (
			);
			dependencies = (
			);
			name = WeChat;
			productName = WeChat;
			productReference = 81C0A0B71D7584C50046B252 /* WeChat.app */;
			productType = "com.apple.product-type.application";
		};
/* End PBXNativeTarget section */

/* Begin PBXProject section */
		81C0A0AF1D7584C50046B252 /* Project object */ = {
			isa = PBXProject;
			attributes = {
				LastUpgradeCheck = 0720;
				ORGANIZATIONNAME = iOS;
				TargetAttributes = {
					81C0A0B61D7584C50046B252 = {
						CreatedOnToolsVersion = 7.2;
					};
				};
			};
			buildConfigurationList = 81C0A0B21D7584C50046B252 /* Build configuration list for PBXProject "WeChat" */;
			compatibilityVersion = "Xcode 3.2";
			developmentRegion = English;
			hasScannedForEncodings = 0;
			knownRegions = (
				en,
				Base,
			);
			mainGroup = 81C0A0AE1D7584C50046B252;
			productRefGroup = 81C0A0B81D7584C50046B252 /* Products */;
			projectDirPath = "";
			projectRoot = "";
			targets = (
				81C0A0B61D7584C50046B252 /* WeChat */,
			);
		};
/* End PBXProject section */

/* Begin PBXResourcesBuildPhase section */
		81C0A0B51D7584C50046B252 /* Resources */ = {
			isa = PBXResourcesBuildPhase;
			buildActionMask = 2147483647;
			files = (
				81C0A0CA1D7584C50046B252 /* LaunchScreen.storyboard in Resources */,
				81C0A0C71D7584C50046B252 /* Assets.xcassets in Resources */,
				81C0A0C51D7584C50046B252 /* Main.storyboard in Resources */,
			);
			runOnlyForDeploymentPostprocessing = 0;
		};
/* End PBXResourcesBuildPhase section */

/* Begin PBXSourcesBuildPhase section */
		81C0A0B31D7584C50046B252 /* Sources */ = {
			isa = PBXSourcesBuildPhase;
			buildActionMask = 2147483647;
			files = (
				81C0A0E01D7587200046B252 /* ViewController.m in Sources */,
				81C0A0BF1D7584C50046B252 /* AppDelegate.m in Sources */,
				81C0A0D71D7586070046B252 /* Person.m in Sources */,
				81C0A0BC1D7584C50046B252 /* main.m in Sources */,
			);
			runOnlyForDeploymentPostprocessing = 0;
		};
/* End PBXSourcesBuildPhase section */

/* Begin PBXVariantGroup section */
		81C0A0C31D7584C50046B252 /* Main.storyboard */ = {
			isa = PBXVariantGroup;
			children = (
				81C0A0C41D7584C50046B252 /* Base */,
			);
			name = Main.storyboard;
			sourceTree = "<group>";
		};
		81C0A0C81D7584C50046B252 /* LaunchScreen.storyboard */ = {
			isa = PBXVariantGroup;
			children = (
				81C0A0C91D7584C50046B252 /* Base */,
			);
			name = LaunchScreen.storyboard;
			sourceTree = "<group>";
		};
/* End PBXVariantGroup section */

/* Begin XCBuildConfiguration section */
		81C0A0CC1D7584C50046B252 /* Debug */ = {
			isa = XCBuildConfiguration;
			buildSettings = {
				ALWAYS_SEARCH_USER_PATHS = NO;
				CLANG_CXX_LANGUAGE_STANDARD = "gnu++0x";
				CLANG_CXX_LIBRARY = "libc++";
				CLANG_ENABLE_MODULES = YES;
				CLANG_ENABLE_OBJC_ARC = YES;
				CLANG_WARN_BOOL_CONVERSION = YES;
				CLANG_WARN_CONSTANT_CONVERSION = YES;
				CLANG_WARN_DIRECT_OBJC_ISA_USAGE = YES_ERROR;
				CLANG_WARN_EMPTY_BODY = YES;
				CLANG_WARN_ENUM_CONVERSION = YES;
				CLANG_WARN_INT_CONVERSION = YES;
				CLANG_WARN_OBJC_ROOT_CLASS = YES_ERROR;
				CLANG_WARN_UNREACHABLE_CODE = YES;
				CLANG_WARN__DUPLICATE_METHOD_MATCH = YES;
				"CODE_SIGN_IDENTITY[sdk=iphoneos*]" = "iPhone Developer";
				COPY_PHASE_STRIP = NO;
				DEBUG_INFORMATION_FORMAT = dwarf;
				ENABLE_STRICT_OBJC_MSGSEND = YES;
				ENABLE_TESTABILITY = YES;
				GCC_C_LANGUAGE_STANDARD = gnu99;
				GCC_DYNAMIC_NO_PIC = NO;
				GCC_NO_COMMON_BLOCKS = YES;
				GCC_OPTIMIZATION_LEVEL = 0;
				GCC_PREPROCESSOR_DEFINITIONS = (
					"DEBUG=1",
					"$(inherited)",
				);
				GCC_WARN_64_TO_32_BIT_CONVERSION = YES;
				GCC_WARN_ABOUT_RETURN_TYPE = YES_ERROR;
				GCC_WARN_UNDECLARED_SELECTOR = YES;
				GCC_WARN_UNINITIALIZED_AUTOS = YES_AGGRESSIVE;
				GCC_WARN_UNUSED_FUNCTION = YES;
				GCC_WARN_UNUSED_VARIABLE = YES;
				IPHONEOS_DEPLOYMENT_TARGET = 9.2;
				MTL_ENABLE_DEBUG_INFO = YES;
				ONLY_ACTIVE_ARCH = YES;
				SDKROOT = iphoneos;
			};
			name = Debug;
		};
		81C0A0CD1D7584C50046B252 /* Release */ = {
			isa = XCBuildConfiguration;
			buildSettings = {
				ALWAYS_SEARCH_USER_PATHS = NO;
				CLANG_CXX_LANGUAGE_STANDARD = "gnu++0x";
				CLANG_CXX_LIBRARY = "libc++";
				CLANG_ENABLE_MODULES = YES;
				CLANG_ENABLE_OBJC_ARC = YES;
				CLANG_WARN_BOOL_CONVERSION = YES;
				CLANG_WARN_CONSTANT_CONVERSION = YES;
				CLANG_WARN_DIRECT_OBJC_ISA_USAGE = YES_ERROR;
				CLANG_WARN_EMPTY_BODY = YES;
				CLANG_WARN_ENUM_CONVERSION = YES;
				CLANG_WARN_INT_CONVERSION = YES;
				CLANG_WARN_OBJC_ROOT_CLASS = YES_ERROR;
				CLANG_WARN_UNREACHABLE_CODE = YES;
				CLANG_WARN__DUPLICATE_METHOD_MATCH = YES;
				"CODE_SIGN_IDENTITY[sdk=iphoneos*]" = "iPhone Developer";
				COPY_PHASE_STRIP = NO;
				DEBUG_INFORMATION_FORMAT = "dwarf-with-dsym";
				ENABLE_NS_ASSERTIONS = NO;
				ENABLE_STRICT_OBJC_MSGSEND = YES;
				GCC_C_LANGUAGE_STANDARD = gnu99;
				GCC_NO_COMMON_BLOCKS = YES;
				GCC_WARN_64_TO_32_BIT_CONVERSION = YES;
				GCC_WARN_ABOUT_RETURN_TYPE = YES_ERROR;
				GCC_WARN_UNDECLARED_SELECTOR = YES;
				GCC_WARN_UNINITIALIZED_AUTOS = YES_AGGRESSIVE;
				GCC_WARN_UNUSED_FUNCTION = YES;
				GCC_WARN_UNUSED_VARIABLE = YES;
				IPHONEOS_DEPLOYMENT_TARGET = 9.2;
				MTL_ENABLE_DEBUG_INFO = NO;
				SDKROOT = iphoneos;
				VALIDATE_PRODUCT = YES;
			};
			name = Release;
		};
		81C0A0CF1D7584C50046B252 /* Debug */ = {
			isa = XCBuildConfiguration;
			buildSettings = {
				ASSETCATALOG_COMPILER_APPICON_NAME = AppIcon;
				INFOPLIST_FILE = WeChat/Info.plist;
				LD_RUNPATH_SEARCH_PATHS = "$(inherited) @executable_path/Frameworks";
				PRODUCT_BUNDLE_IDENTIFIER = cn.itcast.WeChat;
				PRODUCT_NAME = "$(TARGET_NAME)";
			};
			name = Debug;
		};
		81C0A0D01D7584C50046B252 /* Release */ = {
			isa = XCBuildConfiguration;
			buildSettings = {
				ASSETCATALOG_COMPILER_APPICON_NAME = AppIcon;
				INFOPLIST_FILE = WeChat/Info.plist;
				LD_RUNPATH_SEARCH_PATHS = "$(inherited) @executable_path/Frameworks";
				PRODUCT_BUNDLE_IDENTIFIER = cn.itcast.WeChat;
				PRODUCT_NAME = "$(TARGET_NAME)";
			};
			name = Release;
		};
/* End XCBuildConfiguration section */

/* Begin XCConfigurationList section */
		81C0A0B21D7584C50046B252 /* Build configuration list for PBXProject "WeChat" */ = {
			isa = XCConfigurationList;
			buildConfigurations = (
				81C0A0CC1D7584C50046B252 /* Debug */,
				81C0A0CD1D7584C50046B252 /* Release */,
			);
			defaultConfigurationIsVisible = 0;
			defaultConfigurationName = Release;
		};
		81C0A0CE1D7584C50046B252 /* Build configuration list for PBXNativeTarget "WeChat" */ = {
			isa = XCConfigurationList;
			buildConfigurations = (
				81C0A0CF1D7584C50046B252 /* Debug */,
				81C0A0D01D7584C50046B252 /* Release */,
			);
			defaultConfigurationIsVisible = 0;
			defaultConfigurationName = Release;
		};
/* End XCConfigurationList section */
	};
	rootObject = 81C0A0AF1D7584C50046B252 /* Project object */;
}
